
Microsoft Visual Studio Solution File, Format Version 12.00
# Visual Studio Version 17
VisualStudioVersion = 17.0.31903.59
MinimumVisualStudioVersion = 10.0.40219.1
Project("{2150E333-8FDC-42A3-9474-1A3956D46DE8}") = "src", "src", "{7400ECA5-CEF4-462C-B423-3C446E9E6FF9}"
EndProject
Project("{2150E333-8FDC-42A3-9474-1A3956D46DE8}") = "services", "services", "{7C0A24A2-46B9-4EA0-A47C-3F9474AFABA2}"
EndProject
Project("{2150E333-8FDC-42A3-9474-1A3956D46DE8}") = "catalog", "catalog", "{DAF70E3E-5B0A-4146-A186-038FF705A8B1}"
EndProject
Project("{9A19103F-16F7-4668-BE54-9A1E7A4F7556}") = "Catalog.API", "services\catalog\Catalog.API\Catalog.API.csproj", "{A089CFC2-D607-40D6-A821-A8726547E45E}"
EndProject
Project("{E53339B2-1760-4266-BCC7-CA923CBCF16C}") = "docker-compose", "docker-compose.dcproj", "{27232952-779D-4B1E-BE8B-CE7CF81717E5}"
EndProject
Project("{9A19103F-16F7-4668-BE54-9A1E7A4F7556}") = "Eggcelent.SharedKernel", "services\Eggcelent.Domain\Eggcelent.SharedKernel.csproj", "{3A4012CE-B400-442E-9F72-C68337BD35BA}"
EndProject
Project("{9A19103F-16F7-4668-BE54-9A1E7A4F7556}") = "Eggcelent.Domain.Tests", "services\Eggcelent.Domain.Tests\Eggcelent.Domain.Tests.csproj", "{86FEA520-36CD-4B59-BF03-E211A25410AC}"
EndProject
Project("{9A19103F-16F7-4668-BE54-9A1E7A4F7556}") = "Catalog.Domain", "services\catalog\Catalog.Domain\Catalog.Domain.csproj", "{B0207425-A2F6-4B03-89FC-9C90D28C0934}"
EndProject
Project("{9A19103F-16F7-4668-BE54-9A1E7A4F7556}") = "Catalog.Application", "services\catalog\Catalog.Application\Catalog.Application.csproj", "{C8FEFFB6-B0F3-4B5F-B083-9A955E194B7B}"
EndProject
Project("{9A19103F-16F7-4668-BE54-9A1E7A4F7556}") = "Catalog.Infrastructure", "services\catalog\Catalog.Infrastructure\Catalog.Infrastructure.csproj", "{7DD478B1-D7F9-4ABF-84B0-B82B6118BC21}"
EndProject
Global
	GlobalSection(SolutionConfigurationPlatforms) = preSolution
		Debug|Any CPU = Debug|Any CPU
		Release|Any CPU = Release|Any CPU
	EndGlobalSection
	GlobalSection(ProjectConfigurationPlatforms) = postSolution
		{A089CFC2-D607-40D6-A821-A8726547E45E}.Debug|Any CPU.ActiveCfg = Debug|Any CPU
		{A089CFC2-D607-40D6-A821-A8726547E45E}.Debug|Any CPU.Build.0 = Debug|Any CPU
		{A089CFC2-D607-40D6-A821-A8726547E45E}.Release|Any CPU.ActiveCfg = Release|Any CPU
		{A089CFC2-D607-40D6-A821-A8726547E45E}.Release|Any CPU.Build.0 = Release|Any CPU
		{27232952-779D-4B1E-BE8B-CE7CF81717E5}.Debug|Any CPU.ActiveCfg = Debug|Any CPU
		{27232952-779D-4B1E-BE8B-CE7CF81717E5}.Debug|Any CPU.Build.0 = Debug|Any CPU
		{27232952-779D-4B1E-BE8B-CE7CF81717E5}.Release|Any CPU.ActiveCfg = Release|Any CPU
		{27232952-779D-4B1E-BE8B-CE7CF81717E5}.Release|Any CPU.Build.0 = Release|Any CPU
		{3A4012CE-B400-442E-9F72-C68337BD35BA}.Debug|Any CPU.ActiveCfg = Debug|Any CPU
		{3A4012CE-B400-442E-9F72-C68337BD35BA}.Debug|Any CPU.Build.0 = Debug|Any CPU
		{3A4012CE-B400-442E-9F72-C68337BD35BA}.Release|Any CPU.ActiveCfg = Release|Any CPU
		{3A4012CE-B400-442E-9F72-C68337BD35BA}.Release|Any CPU.Build.0 = Release|Any CPU
		{86FEA520-36CD-4B59-BF03-E211A25410AC}.Debug|Any CPU.ActiveCfg = Debug|Any CPU
		{86FEA520-36CD-4B59-BF03-E211A25410AC}.Debug|Any CPU.Build.0 = Debug|Any CPU
		{86FEA520-36CD-4B59-BF03-E211A25410AC}.Release|Any CPU.ActiveCfg = Release|Any CPU
		{86FEA520-36CD-4B59-BF03-E211A25410AC}.Release|Any CPU.Build.0 = Release|Any CPU
		{B0207425-A2F6-4B03-89FC-9C90D28C0934}.Debug|Any CPU.ActiveCfg = Debug|Any CPU
		{B0207425-A2F6-4B03-89FC-9C90D28C0934}.Debug|Any CPU.Build.0 = Debug|Any CPU
		{B0207425-A2F6-4B03-89FC-9C90D28C0934}.Release|Any CPU.ActiveCfg = Release|Any CPU
		{B0207425-A2F6-4B03-89FC-9C90D28C0934}.Release|Any CPU.Build.0 = Release|Any CPU
		{C8FEFFB6-B0F3-4B5F-B083-9A955E194B7B}.Debug|Any CPU.ActiveCfg = Debug|Any CPU
		{C8FEFFB6-B0F3-4B5F-B083-9A955E194B7B}.Debug|Any CPU.Build.0 = Debug|Any CPU
		{C8FEFFB6-B0F3-4B5F-B083-9A955E194B7B}.Release|Any CPU.ActiveCfg = Release|Any CPU
		{C8FEFFB6-B0F3-4B5F-B083-9A955E194B7B}.Release|Any CPU.Build.0 = Release|Any CPU
		{7DD478B1-D7F9-4ABF-84B0-B82B6118BC21}.Debug|Any CPU.ActiveCfg = Debug|Any CPU
		{7DD478B1-D7F9-4ABF-84B0-B82B6118BC21}.Debug|Any CPU.Build.0 = Debug|Any CPU
		{7DD478B1-D7F9-4ABF-84B0-B82B6118BC21}.Release|Any CPU.ActiveCfg = Release|Any CPU
		{7DD478B1-D7F9-4ABF-84B0-B82B6118BC21}.Release|Any CPU.Build.0 = Release|Any CPU
	EndGlobalSection
	GlobalSection(SolutionProperties) = preSolution
		HideSolutionNode = FALSE
	EndGlobalSection
	GlobalSection(NestedProjects) = preSolution
		{7C0A24A2-46B9-4EA0-A47C-3F9474AFABA2} = {7400ECA5-CEF4-462C-B423-3C446E9E6FF9}
		{DAF70E3E-5B0A-4146-A186-038FF705A8B1} = {7C0A24A2-46B9-4EA0-A47C-3F9474AFABA2}
		{A089CFC2-D607-40D6-A821-A8726547E45E} = {DAF70E3E-5B0A-4146-A186-038FF705A8B1}
		{3A4012CE-B400-442E-9F72-C68337BD35BA} = {7C0A24A2-46B9-4EA0-A47C-3F9474AFABA2}
		{86FEA520-36CD-4B59-BF03-E211A25410AC} = {7C0A24A2-46B9-4EA0-A47C-3F9474AFABA2}
		{B0207425-A2F6-4B03-89FC-9C90D28C0934} = {DAF70E3E-5B0A-4146-A186-038FF705A8B1}
		{C8FEFFB6-B0F3-4B5F-B083-9A955E194B7B} = {DAF70E3E-5B0A-4146-A186-038FF705A8B1}
		{7DD478B1-D7F9-4ABF-84B0-B82B6118BC21} = {DAF70E3E-5B0A-4146-A186-038FF705A8B1}
	EndGlobalSection
	GlobalSection(ExtensibilityGlobals) = postSolution
		SolutionGuid = {14C9883E-2DC9-431A-BA79-4C1B6ABB268D}
	EndGlobalSection
EndGlobal
